
Microsoft Visual Studio Solution File, Format Version 12.00
# Visual Studio Version 16
VisualStudioVersion = 16.0.29503.13
MinimumVisualStudioVersion = 10.0.40219.1
Project("{8BC9CEB8-8B4A-11D0-8D11-00A0C91BC942}") = "WinAPI-지뢰 찾기와 오목", "WinAPI-지뢰 찾기와 오목.vcxproj", "{747BC022-E4FF-4199-BE0C-2A62A43505DD}"
EndProject
Global
	GlobalSection(SolutionConfigurationPlatforms) = preSolution
		Debug|x64 = Debug|x64
		Debug|x86 = Debug|x86
		Release|x64 = Release|x64
		Release|x86 = Release|x86
	EndGlobalSection
	GlobalSection(ProjectConfigurationPlatforms) = postSolution
		{747BC022-E4FF-4199-BE0C-2A62A43505DD}.Debug|x64.ActiveCfg = Debug|x64
		{747BC022-E4FF-4199-BE0C-2A62A43505DD}.Debug|x64.Build.0 = Debug|x64
		{747BC022-E4FF-4199-BE0C-2A62A43505DD}.Debug|x86.ActiveCfg = Debug|Win32
		{747BC022-E4FF-4199-BE0C-2A62A43505DD}.Debug|x86.Build.0 = Debug|Win32
		{747BC022-E4FF-4199-BE0C-2A62A43505DD}.Release|x64.ActiveCfg = Release|x64
		{747BC022-E4FF-4199-BE0C-2A62A43505DD}.Release|x64.Build.0 = Release|x64
		{747BC022-E4FF-4199-BE0C-2A62A43505DD}.Release|x86.ActiveCfg = Release|Win32
		{747BC022-E4FF-4199-BE0C-2A62A43505DD}.Release|x86.Build.0 = Release|Win32
	EndGlobalSection
	GlobalSection(SolutionProperties) = preSolution
		HideSolutionNode = FALSE
	EndGlobalSection
	GlobalSection(ExtensibilityGlobals) = postSolution
		SolutionGuid = {F722D9C0-2BF9-4E03-B8B4-1FBA9AA2C91E}
	EndGlobalSection
EndGlobal
